
Microsoft Visual Studio Solution File, Format Version 12.00
# Visual Studio Version 16
VisualStudioVersion = 16.0.31019.35
MinimumVisualStudioVersion = 10.0.40219.1
Project("{8BC9CEB8-8B4A-11D0-8D11-00A0C91BC942}") = "Scuff3d", "..\Scuff3d\Scuff3d.vcxproj", "{4B1B2AA0-EBEE-4408-ACDF-C4AE7EF5F6C6}"
EndProject
Project("{8BC9CEB8-8B4A-11D0-8D11-00A0C91BC942}") = "Scuff3dTestSuite", "Scuff3dTestSuite.vcxproj", "{D53EE1D0-71D2-4401-9389-844916F43E24}"
	ProjectSection(ProjectDependencies) = postProject
		{4B1B2AA0-EBEE-4408-ACDF-C4AE7EF5F6C6} = {4B1B2AA0-EBEE-4408-ACDF-C4AE7EF5F6C6}
	EndProjectSection
EndProject
Global
	GlobalSection(SolutionConfigurationPlatforms) = preSolution
		Debug|x64 = Debug|x64
		Debug|x86 = Debug|x86
		Release|x64 = Release|x64
		Release|x86 = Release|x86
	EndGlobalSection
	GlobalSection(ProjectConfigurationPlatforms) = postSolution
		{4B1B2AA0-EBEE-4408-ACDF-C4AE7EF5F6C6}.Debug|x64.ActiveCfg = Debug|x64
		{4B1B2AA0-EBEE-4408-ACDF-C4AE7EF5F6C6}.Debug|x64.Build.0 = Debug|x64
		{4B1B2AA0-EBEE-4408-ACDF-C4AE7EF5F6C6}.Debug|x86.ActiveCfg = Debug|Win32
		{4B1B2AA0-EBEE-4408-ACDF-C4AE7EF5F6C6}.Debug|x86.Build.0 = Debug|Win32
		{4B1B2AA0-EBEE-4408-ACDF-C4AE7EF5F6C6}.Release|x64.ActiveCfg = Release|x64
		{4B1B2AA0-EBEE-4408-ACDF-C4AE7EF5F6C6}.Release|x64.Build.0 = Release|x64
		{4B1B2AA0-EBEE-4408-ACDF-C4AE7EF5F6C6}.Release|x86.ActiveCfg = Release|Win32
		{4B1B2AA0-EBEE-4408-ACDF-C4AE7EF5F6C6}.Release|x86.Build.0 = Release|Win32
		{D53EE1D0-71D2-4401-9389-844916F43E24}.Debug|x64.ActiveCfg = Debug|x64
		{D53EE1D0-71D2-4401-9389-844916F43E24}.Debug|x64.Build.0 = Debug|x64
		{D53EE1D0-71D2-4401-9389-844916F43E24}.Debug|x86.ActiveCfg = Debug|Win32
		{D53EE1D0-71D2-4401-9389-844916F43E24}.Debug|x86.Build.0 = Debug|Win32
		{D53EE1D0-71D2-4401-9389-844916F43E24}.Release|x64.ActiveCfg = Release|x64
		{D53EE1D0-71D2-4401-9389-844916F43E24}.Release|x64.Build.0 = Release|x64
		{D53EE1D0-71D2-4401-9389-844916F43E24}.Release|x86.ActiveCfg = Release|Win32
		{D53EE1D0-71D2-4401-9389-844916F43E24}.Release|x86.Build.0 = Release|Win32
	EndGlobalSection
	GlobalSection(SolutionProperties) = preSolution
		HideSolutionNode = FALSE
	EndGlobalSection
	GlobalSection(ExtensibilityGlobals) = postSolution
		SolutionGuid = {7413998F-70B3-4CCA-B143-4E2634110DAA}
	EndGlobalSection
EndGlobal
